
Microsoft Visual Studio Solution File, Format Version 12.00
# Visual Studio 14
VisualStudioVersion = 14.0.23107.0
MinimumVisualStudioVersion = 10.0.40219.1
Project("{159641D6-6404-4A2A-AE62-294DE0FE8301}") = "copiar_rap", "copiar_rap\copiar_rap.dtproj", "{72EAF1E1-B8B4-48F1-99A4-52ED8937DDBC}"
EndProject
Global
	GlobalSection(SolutionConfigurationPlatforms) = preSolution
		Development|Default = Development|Default
	EndGlobalSection
	GlobalSection(ProjectConfigurationPlatforms) = postSolution
		{72EAF1E1-B8B4-48F1-99A4-52ED8937DDBC}.Development|Default.ActiveCfg = Development
		{72EAF1E1-B8B4-48F1-99A4-52ED8937DDBC}.Development|Default.Build.0 = Development
	EndGlobalSection
	GlobalSection(SolutionProperties) = preSolution
		HideSolutionNode = FALSE
	EndGlobalSection
EndGlobal
